
Microsoft Visual Studio Solution File, Format Version 12.00
# Visual Studio Version 16
VisualStudioVersion = 16.0.31112.23
MinimumVisualStudioVersion = 10.0.40219.1
Project("{9A19103F-16F7-4668-BE54-9A1E7A4F7556}") = "SQL.Tests", "SQL\SQL.Tests.csproj", "{1B3B0BD2-06A7-4A28-BB54-66D78F7ED969}"
EndProject
Global
	GlobalSection(SolutionConfigurationPlatforms) = preSolution
		Debug|Any CPU = Debug|Any CPU
		Release|Any CPU = Release|Any CPU
	EndGlobalSection
	GlobalSection(ProjectConfigurationPlatforms) = postSolution
		{1B3B0BD2-06A7-4A28-BB54-66D78F7ED969}.Debug|Any CPU.ActiveCfg = Debug|Any CPU
		{1B3B0BD2-06A7-4A28-BB54-66D78F7ED969}.Debug|Any CPU.Build.0 = Debug|Any CPU
		{1B3B0BD2-06A7-4A28-BB54-66D78F7ED969}.Release|Any CPU.ActiveCfg = Release|Any CPU
		{1B3B0BD2-06A7-4A28-BB54-66D78F7ED969}.Release|Any CPU.Build.0 = Release|Any CPU
	EndGlobalSection
	GlobalSection(SolutionProperties) = preSolution
		HideSolutionNode = FALSE
	EndGlobalSection
	GlobalSection(ExtensibilityGlobals) = postSolution
		SolutionGuid = {C9B49B92-5550-48A2-9160-0AE44DFBCD75}
	EndGlobalSection
EndGlobal
